
Microsoft Visual Studio Solution File, Format Version 12.00
# Visual Studio Version 16
VisualStudioVersion = 16.0.31624.102
MinimumVisualStudioVersion = 10.0.40219.1
Project("{FAE04EC0-301F-11D3-BF4B-00C04F79EFBC}") = "PersonalOtomasyon", "PersonalOtomasyon\PersonalOtomasyon.csproj", "{D5B31F97-E858-4A58-9445-1BFC9682A38A}"
EndProject
Global
	GlobalSection(SolutionConfigurationPlatforms) = preSolution
		Debug|Any CPU = Debug|Any CPU
		Release|Any CPU = Release|Any CPU
	EndGlobalSection
	GlobalSection(ProjectConfigurationPlatforms) = postSolution
		{D5B31F97-E858-4A58-9445-1BFC9682A38A}.Debug|Any CPU.ActiveCfg = Debug|Any CPU
		{D5B31F97-E858-4A58-9445-1BFC9682A38A}.Debug|Any CPU.Build.0 = Debug|Any CPU
		{D5B31F97-E858-4A58-9445-1BFC9682A38A}.Release|Any CPU.ActiveCfg = Release|Any CPU
		{D5B31F97-E858-4A58-9445-1BFC9682A38A}.Release|Any CPU.Build.0 = Release|Any CPU
	EndGlobalSection
	GlobalSection(SolutionProperties) = preSolution
		HideSolutionNode = FALSE
	EndGlobalSection
	GlobalSection(ExtensibilityGlobals) = postSolution
		SolutionGuid = {82A11D6A-2297-4994-8474-D42F11B77A5D}
	EndGlobalSection
EndGlobal
