
Microsoft Visual Studio Solution File, Format Version 12.00
# Visual Studio Version 16
VisualStudioVersion = 16.0.31624.102
MinimumVisualStudioVersion = 10.0.40219.1
Project("{FAE04EC0-301F-11D3-BF4B-00C04F79EFBC}") = "Parse_Example", "Parse_Example\Parse_Example.csproj", "{023592E2-E782-415C-865E-0CD8814B5E34}"
EndProject
Global
	GlobalSection(SolutionConfigurationPlatforms) = preSolution
		Debug|Any CPU = Debug|Any CPU
		Release|Any CPU = Release|Any CPU
	EndGlobalSection
	GlobalSection(ProjectConfigurationPlatforms) = postSolution
		{023592E2-E782-415C-865E-0CD8814B5E34}.Debug|Any CPU.ActiveCfg = Debug|Any CPU
		{023592E2-E782-415C-865E-0CD8814B5E34}.Debug|Any CPU.Build.0 = Debug|Any CPU
		{023592E2-E782-415C-865E-0CD8814B5E34}.Release|Any CPU.ActiveCfg = Release|Any CPU
		{023592E2-E782-415C-865E-0CD8814B5E34}.Release|Any CPU.Build.0 = Release|Any CPU
	EndGlobalSection
	GlobalSection(SolutionProperties) = preSolution
		HideSolutionNode = FALSE
	EndGlobalSection
	GlobalSection(ExtensibilityGlobals) = postSolution
		SolutionGuid = {A3E7E07E-AFDC-4ECD-860A-B4B4D0DB833A}
	EndGlobalSection
EndGlobal
